
Microsoft Visual Studio Solution File, Format Version 12.00
# Visual Studio 2013
VisualStudioVersion = 12.0.21005.1
MinimumVisualStudioVersion = 10.0.40219.1
Project("{159641D6-6404-4A2A-AE62-294DE0FE8301}") = "Project BIML", "Project BIML.dtproj", "{43CC08CE-9DA5-4222-9490-98262B3FDD86}"
EndProject
Project("{159641D6-6404-4A2A-AE62-294DE0FE8301}") = "Framework", "Framework\Framework\Framework.dtproj", "{B8476CE9-00C2-438D-8ACE-BD4BF14B60AF}"
EndProject
Global
	GlobalSection(SolutionConfigurationPlatforms) = preSolution
		Development|Default = Development|Default
	EndGlobalSection
	GlobalSection(ProjectConfigurationPlatforms) = postSolution
		{43CC08CE-9DA5-4222-9490-98262B3FDD86}.Development|Default.ActiveCfg = Development
		{43CC08CE-9DA5-4222-9490-98262B3FDD86}.Development|Default.Build.0 = Development
		{B8476CE9-00C2-438D-8ACE-BD4BF14B60AF}.Development|Default.ActiveCfg = Development
		{B8476CE9-00C2-438D-8ACE-BD4BF14B60AF}.Development|Default.Build.0 = Development
	EndGlobalSection
	GlobalSection(SolutionProperties) = preSolution
		HideSolutionNode = FALSE
	EndGlobalSection
EndGlobal
